
Microsoft Visual Studio Solution File, Format Version 12.00
# Visual Studio Version 17
VisualStudioVersion = 17.9.34622.214
MinimumVisualStudioVersion = 10.0.40219.1
Project("{FAE04EC0-301F-11D3-BF4B-00C04F79EFBC}") = "AdventOfCode", "AdventOfCode.csproj", "{FFBD1A74-89D0-4126-BCC9-94BB3AE428FE}"
EndProject
Global
	GlobalSection(SolutionConfigurationPlatforms) = preSolution
		Debug|Any CPU = Debug|Any CPU
		Release|Any CPU = Release|Any CPU
	EndGlobalSection
	GlobalSection(ProjectConfigurationPlatforms) = postSolution
		{FFBD1A74-89D0-4126-BCC9-94BB3AE428FE}.Debug|Any CPU.ActiveCfg = Debug|Any CPU
		{FFBD1A74-89D0-4126-BCC9-94BB3AE428FE}.Debug|Any CPU.Build.0 = Debug|Any CPU
		{FFBD1A74-89D0-4126-BCC9-94BB3AE428FE}.Release|Any CPU.ActiveCfg = Release|Any CPU
		{FFBD1A74-89D0-4126-BCC9-94BB3AE428FE}.Release|Any CPU.Build.0 = Release|Any CPU
	EndGlobalSection
	GlobalSection(SolutionProperties) = preSolution
		HideSolutionNode = FALSE
	EndGlobalSection
	GlobalSection(ExtensibilityGlobals) = postSolution
		SolutionGuid = {9F22DECA-3D76-4ABC-BE00-DC60B45C726A}
	EndGlobalSection
EndGlobal
